
Microsoft Visual Studio Solution File, Format Version 12.00
# Visual Studio 14
VisualStudioVersion = 14.0.25420.1
MinimumVisualStudioVersion = 10.0.40219.1
Project("{888888A0-9F3D-457C-B088-3A5042F75D52}") = "ObjectRecognitionSystem", "ObjectRecognitionSystem\ObjectRecognitionSystem.pyproj", "{C2739E8B-CCE6-4B3F-B9F0-F775D27FA9B2}"
EndProject
Project("{888888A0-9F3D-457C-B088-3A5042F75D52}") = "RetrainVGG19", "RetrainVGG19\RetrainVGG19.pyproj", "{975C912B-01E6-4D93-801B-BCB47BADC19B}"
EndProject
Global
	GlobalSection(SolutionConfigurationPlatforms) = preSolution
		Debug|Any CPU = Debug|Any CPU
		Release|Any CPU = Release|Any CPU
	EndGlobalSection
	GlobalSection(ProjectConfigurationPlatforms) = postSolution
		{C2739E8B-CCE6-4B3F-B9F0-F775D27FA9B2}.Debug|Any CPU.ActiveCfg = Debug|Any CPU
		{C2739E8B-CCE6-4B3F-B9F0-F775D27FA9B2}.Release|Any CPU.ActiveCfg = Release|Any CPU
		{975C912B-01E6-4D93-801B-BCB47BADC19B}.Debug|Any CPU.ActiveCfg = Debug|Any CPU
		{975C912B-01E6-4D93-801B-BCB47BADC19B}.Release|Any CPU.ActiveCfg = Release|Any CPU
	EndGlobalSection
	GlobalSection(SolutionProperties) = preSolution
		HideSolutionNode = FALSE
	EndGlobalSection
EndGlobal
